
Microsoft Visual Studio Solution File, Format Version 12.00
# Visual Studio Version 17
VisualStudioVersion = 17.9.34728.123
MinimumVisualStudioVersion = 10.0.40219.1
Project("{FAE04EC0-301F-11D3-BF4B-00C04F79EFBC}") = "WindowsFormsApp7", "WindowsFormsApp7.csproj", "{11C9694B-3D54-465A-8C76-B362A4447FDA}"
EndProject
Global
	GlobalSection(SolutionConfigurationPlatforms) = preSolution
		Debug|Any CPU = Debug|Any CPU
		Release|Any CPU = Release|Any CPU
	EndGlobalSection
	GlobalSection(ProjectConfigurationPlatforms) = postSolution
		{11C9694B-3D54-465A-8C76-B362A4447FDA}.Debug|Any CPU.ActiveCfg = Debug|Any CPU
		{11C9694B-3D54-465A-8C76-B362A4447FDA}.Debug|Any CPU.Build.0 = Debug|Any CPU
		{11C9694B-3D54-465A-8C76-B362A4447FDA}.Release|Any CPU.ActiveCfg = Release|Any CPU
		{11C9694B-3D54-465A-8C76-B362A4447FDA}.Release|Any CPU.Build.0 = Release|Any CPU
	EndGlobalSection
	GlobalSection(SolutionProperties) = preSolution
		HideSolutionNode = FALSE
	EndGlobalSection
	GlobalSection(ExtensibilityGlobals) = postSolution
		SolutionGuid = {1658FFF5-B2B2-42A9-B4EB-581F5F334B8B}
	EndGlobalSection
EndGlobal
